// !$*UTF8*$!
{
	archiveVersion = 1;
	classes = {
	};
	objectVersion = 77;
	objects = {

/* Begin PBXBuildFile section */
		F821C3879D3144FEBC9FF5DA /* QuotaError.swift in Sources */ = {isa = PBXBuildFile; fileRef = 660D089341274D3185826784 /* QuotaError.swift */; };
		9549BB9C6E494CD590824509 /* QuotaWindow.swift in Sources */ = {isa = PBXBuildFile; fileRef = EA627F44AC7C43D1AEADA129 /* QuotaWindow.swift */; };
		527E943244294A608449B4C9 /* ProviderQuota.swift in Sources */ = {isa = PBXBuildFile; fileRef = 0603EC38031F4DC3B43EFE1E /* ProviderQuota.swift */; };
		F13ACC3B68D4410DA0816F59 /* StderrCollector.swift in Sources */ = {isa = PBXBuildFile; fileRef = FF0F7E1FADFF4AD0B03998C1 /* StderrCollector.swift */; };
		315B3C05D0634E06BCAFC6C7 /* CodexRateLimitParser.swift in Sources */ = {isa = PBXBuildFile; fileRef = 8102EB98D84242098DBDA736 /* CodexRateLimitParser.swift */; };
/* End PBXBuildFile section */

/* Begin PBXFileReference section */
		054BE94558145E6C021E1DCF /* QuotaBar.app */ = {isa = PBXFileReference; explicitFileType = wrapper.application; includeInIndex = 0; path = QuotaBar.app; sourceTree = BUILT_PRODUCTS_DIR; };
		92223629264D4DF79A981699 /* QuotaBarTests.xctest */ = {isa = PBXFileReference; explicitFileType = wrapper.cfbundle; includeInIndex = 0; path = QuotaBarTests.xctest; sourceTree = BUILT_PRODUCTS_DIR; };
		660D089341274D3185826784 /* QuotaError.swift */ = {isa = PBXFileReference; lastKnownFileType = sourcecode.swift; path = QuotaBar/Models/QuotaError.swift; sourceTree = "<group>"; };
		EA627F44AC7C43D1AEADA129 /* QuotaWindow.swift */ = {isa = PBXFileReference; lastKnownFileType = sourcecode.swift; path = QuotaBar/Models/QuotaWindow.swift; sourceTree = "<group>"; };
		0603EC38031F4DC3B43EFE1E /* ProviderQuota.swift */ = {isa = PBXFileReference; lastKnownFileType = sourcecode.swift; path = QuotaBar/Models/ProviderQuota.swift; sourceTree = "<group>"; };
		FF0F7E1FADFF4AD0B03998C1 /* StderrCollector.swift */ = {isa = PBXFileReference; lastKnownFileType = sourcecode.swift; path = QuotaBar/Providers/Codex/StderrCollector.swift; sourceTree = "<group>"; };
		8102EB98D84242098DBDA736 /* CodexRateLimitParser.swift */ = {isa = PBXFileReference; lastKnownFileType = sourcecode.swift; path = QuotaBar/Providers/Codex/CodexRateLimitParser.swift; sourceTree = "<group>"; };
/* End PBXFileReference section */

/* Begin PBXFileSystemSynchronizedBuildFileExceptionSet section */
		DB0567CB54015727493D7B4F /* Exceptions for "QuotaBar" folder in "QuotaBar" target */ = {
			isa = PBXFileSystemSynchronizedBuildFileExceptionSet;
			membershipExceptions = (
				Info.plist,
			);
			target = 740CCACAB99CA878B2F68A71 /* QuotaBar */;
		};
/* End PBXFileSystemSynchronizedBuildFileExceptionSet section */

/* Begin PBXFileSystemSynchronizedRootGroup section */
		D20F46D315BADECCC32EC4C6 /* QuotaBar */ = {
			isa = PBXFileSystemSynchronizedRootGroup;
			exceptions = (
				DB0567CB54015727493D7B4F /* Exceptions for "QuotaBar" folder in "QuotaBar" target */,
			);
			path = QuotaBar;
			sourceTree = "<group>";
		};
		6E57853F34314D229CD8B643 /* QuotaBarTests */ = {
			isa = PBXFileSystemSynchronizedRootGroup;
			path = QuotaBarTests;
			sourceTree = "<group>";
		};
/* End PBXFileSystemSynchronizedRootGroup section */

/* Begin PBXFrameworksBuildPhase section */
		16F1597FCDD16A9A0A0CBB43 /* Frameworks */ = {
			isa = PBXFrameworksBuildPhase;
			buildActionMask = 2147483647;
			files = (
			);
			runOnlyForDeploymentPostprocessing = 0;
		};
		F468B9682E2F4FBC906B5D35 /* Frameworks */ = {
			isa = PBXFrameworksBuildPhase;
			buildActionMask = 2147483647;
			files = (
			);
			runOnlyForDeploymentPostprocessing = 0;
		};
/* End PBXFrameworksBuildPhase section */

/* Begin PBXGroup section */
		052CB54DC343F5255ED4C714 /* Products */ = {
			isa = PBXGroup;
			children = (
				054BE94558145E6C021E1DCF /* QuotaBar.app */,
				92223629264D4DF79A981699 /* QuotaBarTests.xctest */,
			);
			name = Products;
			sourceTree = "<group>";
		};
		CB4FFB18D3DF9516B8E927DA = {
			isa = PBXGroup;
			children = (
				D20F46D315BADECCC32EC4C6 /* QuotaBar */,
				6E57853F34314D229CD8B643 /* QuotaBarTests */,
				052CB54DC343F5255ED4C714 /* Products */,
				660D089341274D3185826784 /* QuotaError.swift */,
				EA627F44AC7C43D1AEADA129 /* QuotaWindow.swift */,
				0603EC38031F4DC3B43EFE1E /* ProviderQuota.swift */,
				FF0F7E1FADFF4AD0B03998C1 /* StderrCollector.swift */,
				8102EB98D84242098DBDA736 /* CodexRateLimitParser.swift */,
			);
			sourceTree = "<group>";
		};
/* End PBXGroup section */

/* Begin PBXNativeTarget section */
		740CCACAB99CA878B2F68A71 /* QuotaBar */ = {
			isa = PBXNativeTarget;
			buildConfigurationList = 5A9AB8C43B6788A5CB3E03CC /* Build configuration list for PBXNativeTarget "QuotaBar" */;
			buildPhases = (
				42DA49D49D81805EE7159D44 /* Sources */,
				16F1597FCDD16A9A0A0CBB43 /* Frameworks */,
				FC579530F61C91CEAED9280D /* Resources */,
			);
			buildRules = (
			);
			dependencies = (
			);
			fileSystemSynchronizedGroups = (
				D20F46D315BADECCC32EC4C6 /* QuotaBar */,
			);
			name = QuotaBar;
			productName = QuotaBar;
			productReference = 054BE94558145E6C021E1DCF /* QuotaBar.app */;
			productType = "com.apple.product-type.application";
		};
		C2451A994F7E430FB1EF43F8 /* QuotaBarTests */ = {
			isa = PBXNativeTarget;
			buildConfigurationList = EB5AD2A19C9349F49B3B114E /* Build configuration list for PBXNativeTarget "QuotaBarTests" */;
			buildPhases = (
				054ABC505D154D1A83D83FF9 /* Sources */,
				F468B9682E2F4FBC906B5D35 /* Frameworks */,
				3BCEC8DDAA2F4494AF1A8A13 /* Resources */,
			);
			buildRules = (
			);
			dependencies = (
			);
			fileSystemSynchronizedGroups = (
				6E57853F34314D229CD8B643 /* QuotaBarTests */,
			);
			name = QuotaBarTests;
			productName = QuotaBarTests;
			productReference = 92223629264D4DF79A981699 /* QuotaBarTests.xctest */;
			productType = "com.apple.product-type.bundle.unit-test";
		};
/* End PBXNativeTarget section */

/* Begin PBXProject section */
		2FC899B264DAEDA33B503429 /* Project object */ = {
			isa = PBXProject;
			attributes = {
				BuildIndependentTargetsInParallel = 1;
				LastSwiftUpdateCheck = 1620;
				LastUpgradeCheck = 1620;
				TargetAttributes = {
					740CCACAB99CA878B2F68A71 = {
						CreatedOnToolsVersion = 16.2;
					};
					C2451A994F7E430FB1EF43F8 = {
						CreatedOnToolsVersion = 16.2;
					};
				};
			};
			buildConfigurationList = BC0BF464B4570748644066C9 /* Build configuration list for PBXProject "QuotaBar" */;
			compatibilityVersion = "Xcode 15.0";
			developmentRegion = en;
			hasScannedForEncodings = 0;
			knownRegions = (
				en,
				Base,
			);
			mainGroup = CB4FFB18D3DF9516B8E927DA;
			productRefGroup = 052CB54DC343F5255ED4C714 /* Products */;
			projectDirPath = "";
			projectRoot = "";
			targets = (
				740CCACAB99CA878B2F68A71 /* QuotaBar */,
				C2451A994F7E430FB1EF43F8 /* QuotaBarTests */,
			);
		};
/* End PBXProject section */

/* Begin PBXResourcesBuildPhase section */
		FC579530F61C91CEAED9280D /* Resources */ = {
			isa = PBXResourcesBuildPhase;
			buildActionMask = 2147483647;
			files = (
			);
			runOnlyForDeploymentPostprocessing = 0;
		};
		3BCEC8DDAA2F4494AF1A8A13 /* Resources */ = {
			isa = PBXResourcesBuildPhase;
			buildActionMask = 2147483647;
			files = (
			);
			runOnlyForDeploymentPostprocessing = 0;
		};
/* End PBXResourcesBuildPhase section */

/* Begin PBXSourcesBuildPhase section */
		42DA49D49D81805EE7159D44 /* Sources */ = {
			isa = PBXSourcesBuildPhase;
			buildActionMask = 2147483647;
			files = (
			);
			runOnlyForDeploymentPostprocessing = 0;
		};
		054ABC505D154D1A83D83FF9 /* Sources */ = {
			isa = PBXSourcesBuildPhase;
			buildActionMask = 2147483647;
			files = (
				F821C3879D3144FEBC9FF5DA /* QuotaError.swift in Sources */,
				9549BB9C6E494CD590824509 /* QuotaWindow.swift in Sources */,
				527E943244294A608449B4C9 /* ProviderQuota.swift in Sources */,
				F13ACC3B68D4410DA0816F59 /* StderrCollector.swift in Sources */,
				315B3C05D0634E06BCAFC6C7 /* CodexRateLimitParser.swift in Sources */,
			);
			runOnlyForDeploymentPostprocessing = 0;
		};
/* End PBXSourcesBuildPhase section */

/* Begin XCBuildConfiguration section */
		B64DCA14490FEF2A443FE2AE /* Debug */ = {
			isa = XCBuildConfiguration;
			buildSettings = {
				ALWAYS_SEARCH_USER_PATHS = NO;
				CLANG_ANALYZER_NONNULL = YES;
				CLANG_ANALYZER_NUMBER_OBJECT_CONVERSION = YES_AGGRESSIVE;
				CLANG_ENABLE_MODULES = YES;
				CLANG_ENABLE_OBJC_ARC = YES;
				CLANG_ENABLE_OBJC_WEAK = YES;
				CLANG_WARN_BLOCK_CAPTURE_AUTORELEASING = YES;
				CLANG_WARN_BOOL_CONVERSION = YES;
				CLANG_WARN_COMMA = YES;
				CLANG_WARN_CONSTANT_CONVERSION = YES;
				CLANG_WARN_DEPRECATED_OBJC_IMPLEMENTATIONS = YES;
				CLANG_WARN_DIRECT_OBJC_ISA_USAGE = YES_ERROR;
				CLANG_WARN_DOCUMENTATION_COMMENTS = YES;
				CLANG_WARN_EMPTY_BODY = YES;
				CLANG_WARN_ENUM_CONVERSION = YES;
				CLANG_WARN_INFINITE_RECURSION = YES;
				CLANG_WARN_INT_CONVERSION = YES;
				CLANG_WARN_NON_LITERAL_NULL_CONVERSION = YES;
				CLANG_WARN_OBJC_IMPLICIT_RETAIN_SELF = YES;
				CLANG_WARN_OBJC_LITERAL_CONVERSION = YES;
				CLANG_WARN_OBJC_ROOT_CLASS = YES_ERROR;
				CLANG_WARN_QUOTED_INCLUDE_IN_FRAMEWORK_HEADER = YES;
				CLANG_WARN_RANGE_LOOP_ANALYSIS = YES;
				CLANG_WARN_STRICT_PROTOTYPES = YES;
				CLANG_WARN_SUSPICIOUS_MOVE = YES;
				CLANG_WARN_UNGUARDED_AVAILABILITY = YES_AGGRESSIVE;
				CLANG_WARN_UNREACHABLE_CODE = YES;
				CLANG_WARN__DUPLICATE_METHOD_MATCH = YES;
				COPY_PHASE_STRIP = NO;
				DEBUG_INFORMATION_FORMAT = dwarf;
				ENABLE_STRICT_OBJC_MSGSEND = YES;
				ENABLE_TESTABILITY = YES;
				ENABLE_USER_SCRIPT_SANDBOXING = YES;
				GCC_C_LANGUAGE_STANDARD = gnu17;
				GCC_DYNAMIC_NO_PIC = NO;
				GCC_NO_COMMON_BLOCKS = YES;
				GCC_OPTIMIZATION_LEVEL = 0;
				GCC_PREPROCESSOR_DEFINITIONS = (
					"DEBUG=1",
					"$(inherited)",
				);
				GCC_WARN_64_TO_32_BIT_CONVERSION = YES;
				GCC_WARN_ABOUT_RETURN_TYPE = YES_ERROR;
				GCC_WARN_UNDECLARED_SELECTOR = YES;
				GCC_WARN_UNINITIALIZED_AUTOS = YES_AGGRESSIVE;
				GCC_WARN_UNUSED_FUNCTION = YES;
				GCC_WARN_UNUSED_VARIABLE = YES;
				LOCALIZATION_PREFERS_STRING_CATALOGS = YES;
				MACOSX_DEPLOYMENT_TARGET = 14.0;
				MTL_ENABLE_DEBUG_INFO = INCLUDE_SOURCE;
				MTL_FAST_MATH = YES;
				ONLY_ACTIVE_ARCH = YES;
				SDKROOT = macosx;
				SUPPORTED_PLATFORMS = macosx;
				SWIFT_ACTIVE_COMPILATION_CONDITIONS = "DEBUG $(inherited)";
				SWIFT_OPTIMIZATION_LEVEL = "-Onone";
			};
			name = Debug;
		};
		AB635DF680B4E520FB207363 /* Release */ = {
			isa = XCBuildConfiguration;
			buildSettings = {
				ALWAYS_SEARCH_USER_PATHS = NO;
				CLANG_ANALYZER_NONNULL = YES;
				CLANG_ANALYZER_NUMBER_OBJECT_CONVERSION = YES_AGGRESSIVE;
				CLANG_ENABLE_MODULES = YES;
				CLANG_ENABLE_OBJC_ARC = YES;
				CLANG_ENABLE_OBJC_WEAK = YES;
				CLANG_WARN_BLOCK_CAPTURE_AUTORELEASING = YES;
				CLANG_WARN_BOOL_CONVERSION = YES;
				CLANG_WARN_COMMA = YES;
				CLANG_WARN_CONSTANT_CONVERSION = YES;
				CLANG_WARN_DEPRECATED_OBJC_IMPLEMENTATIONS = YES;
				CLANG_WARN_DIRECT_OBJC_ISA_USAGE = YES_ERROR;
				CLANG_WARN_DOCUMENTATION_COMMENTS = YES;
				CLANG_WARN_EMPTY_BODY = YES;
				CLANG_WARN_ENUM_CONVERSION = YES;
				CLANG_WARN_INFINITE_RECURSION = YES;
				CLANG_WARN_INT_CONVERSION = YES;
				CLANG_WARN_NON_LITERAL_NULL_CONVERSION = YES;
				CLANG_WARN_OBJC_IMPLICIT_RETAIN_SELF = YES;
				CLANG_WARN_OBJC_LITERAL_CONVERSION = YES;
				CLANG_WARN_OBJC_ROOT_CLASS = YES_ERROR;
				CLANG_WARN_QUOTED_INCLUDE_IN_FRAMEWORK_HEADER = YES;
				CLANG_WARN_RANGE_LOOP_ANALYSIS = YES;
				CLANG_WARN_STRICT_PROTOTYPES = YES;
				CLANG_WARN_SUSPICIOUS_MOVE = YES;
				CLANG_WARN_UNGUARDED_AVAILABILITY = YES_AGGRESSIVE;
				CLANG_WARN_UNREACHABLE_CODE = YES;
				CLANG_WARN__DUPLICATE_METHOD_MATCH = YES;
				COPY_PHASE_STRIP = NO;
				DEBUG_INFORMATION_FORMAT = "dwarf-with-dsym";
				ENABLE_NS_ASSERTIONS = NO;
				ENABLE_STRICT_OBJC_MSGSEND = YES;
				ENABLE_USER_SCRIPT_SANDBOXING = YES;
				GCC_C_LANGUAGE_STANDARD = gnu17;
				GCC_NO_COMMON_BLOCKS = YES;
				GCC_WARN_64_TO_32_BIT_CONVERSION = YES;
				GCC_WARN_ABOUT_RETURN_TYPE = YES_ERROR;
				GCC_WARN_UNDECLARED_SELECTOR = YES;
				GCC_WARN_UNINITIALIZED_AUTOS = YES_AGGRESSIVE;
				GCC_WARN_UNUSED_FUNCTION = YES;
				GCC_WARN_UNUSED_VARIABLE = YES;
				LOCALIZATION_PREFERS_STRING_CATALOGS = YES;
				MACOSX_DEPLOYMENT_TARGET = 14.0;
				MTL_ENABLE_DEBUG_INFO = NO;
				MTL_FAST_MATH = YES;
				SDKROOT = macosx;
				SUPPORTED_PLATFORMS = macosx;
				SWIFT_COMPILATION_MODE = wholemodule;
			};
			name = Release;
		};
		71409A5378DDC41419B742E7 /* Debug */ = {
			isa = XCBuildConfiguration;
			buildSettings = {
				ASSETCATALOG_COMPILER_APPICON_NAME = AppIcon;
				CODE_SIGN_IDENTITY = "-";
				CODE_SIGN_STYLE = Manual;
				COMBINE_HIDPI_IMAGES = YES;
				CURRENT_PROJECT_VERSION = 1;
				DEVELOPMENT_TEAM = "";
				ENABLE_APP_SANDBOX = NO;
				ENABLE_HARDENED_RUNTIME = NO;
				GENERATE_INFOPLIST_FILE = NO;
				INFOPLIST_FILE = QuotaBar/Info.plist;
				LD_RUNPATH_SEARCH_PATHS = (
					"$(inherited)",
					"@executable_path/../Frameworks",
				);
				MACOSX_DEPLOYMENT_TARGET = 14.0;
				MARKETING_VERSION = 1.0;
				PRODUCT_BUNDLE_IDENTIFIER = com.maximegorov.QuotaBar;
				PRODUCT_NAME = "$(TARGET_NAME)";
				SDKROOT = macosx;
				SUPPORTED_PLATFORMS = macosx;
				SUPPORTS_MACCATALYST = NO;
				SWIFT_EMIT_LOC_STRINGS = YES;
				SWIFT_VERSION = 5.0;
			};
			name = Debug;
		};
		E925C01EE190639C4135BB7F /* Release */ = {
			isa = XCBuildConfiguration;
			buildSettings = {
				ASSETCATALOG_COMPILER_APPICON_NAME = AppIcon;
				CODE_SIGN_IDENTITY = "-";
				CODE_SIGN_STYLE = Manual;
				COMBINE_HIDPI_IMAGES = YES;
				CURRENT_PROJECT_VERSION = 1;
				DEVELOPMENT_TEAM = "";
				ENABLE_APP_SANDBOX = NO;
				ENABLE_HARDENED_RUNTIME = NO;
				GENERATE_INFOPLIST_FILE = NO;
				INFOPLIST_FILE = QuotaBar/Info.plist;
				LD_RUNPATH_SEARCH_PATHS = (
					"$(inherited)",
					"@executable_path/../Frameworks",
				);
				MACOSX_DEPLOYMENT_TARGET = 14.0;
				MARKETING_VERSION = 1.0;
				PRODUCT_BUNDLE_IDENTIFIER = com.maximegorov.QuotaBar;
				PRODUCT_NAME = "$(TARGET_NAME)";
				SDKROOT = macosx;
				SUPPORTED_PLATFORMS = macosx;
				SUPPORTS_MACCATALYST = NO;
				SWIFT_EMIT_LOC_STRINGS = YES;
				SWIFT_VERSION = 5.0;
			};
			name = Release;
		};
		82277E1EB86B4C6E99F31910 /* Debug */ = {
			isa = XCBuildConfiguration;
			buildSettings = {
				CODE_SIGNING_ALLOWED = NO;
				GENERATE_INFOPLIST_FILE = YES;
				LD_RUNPATH_SEARCH_PATHS = (
					"$(inherited)",
					"@executable_path/../Frameworks",
					"@loader_path/../Frameworks",
				);
				MACOSX_DEPLOYMENT_TARGET = 14.0;
				PRODUCT_BUNDLE_IDENTIFIER = com.maximegorov.QuotaBarTests;
				PRODUCT_NAME = "$(TARGET_NAME)";
				SDKROOT = macosx;
				SUPPORTED_PLATFORMS = macosx;
				SWIFT_VERSION = 5.0;
			};
			name = Debug;
		};
		9BDBD7BDD639434696EFFBBC /* Release */ = {
			isa = XCBuildConfiguration;
			buildSettings = {
				CODE_SIGNING_ALLOWED = NO;
				GENERATE_INFOPLIST_FILE = YES;
				LD_RUNPATH_SEARCH_PATHS = (
					"$(inherited)",
					"@executable_path/../Frameworks",
					"@loader_path/../Frameworks",
				);
				MACOSX_DEPLOYMENT_TARGET = 14.0;
				PRODUCT_BUNDLE_IDENTIFIER = com.maximegorov.QuotaBarTests;
				PRODUCT_NAME = "$(TARGET_NAME)";
				SDKROOT = macosx;
				SUPPORTED_PLATFORMS = macosx;
				SWIFT_VERSION = 5.0;
			};
			name = Release;
		};
/* End XCBuildConfiguration section */

/* Begin XCConfigurationList section */
		BC0BF464B4570748644066C9 /* Build configuration list for PBXProject "QuotaBar" */ = {
			isa = XCConfigurationList;
			buildConfigurations = (
				B64DCA14490FEF2A443FE2AE /* Debug */,
				AB635DF680B4E520FB207363 /* Release */,
			);
			defaultConfigurationIsVisible = 0;
			defaultConfigurationName = Release;
		};
		5A9AB8C43B6788A5CB3E03CC /* Build configuration list for PBXNativeTarget "QuotaBar" */ = {
			isa = XCConfigurationList;
			buildConfigurations = (
				71409A5378DDC41419B742E7 /* Debug */,
				E925C01EE190639C4135BB7F /* Release */,
			);
			defaultConfigurationIsVisible = 0;
			defaultConfigurationName = Release;
		};
		EB5AD2A19C9349F49B3B114E /* Build configuration list for PBXNativeTarget "QuotaBarTests" */ = {
			isa = XCConfigurationList;
			buildConfigurations = (
				82277E1EB86B4C6E99F31910 /* Debug */,
				9BDBD7BDD639434696EFFBBC /* Release */,
			);
			defaultConfigurationIsVisible = 0;
			defaultConfigurationName = Release;
		};
/* End XCConfigurationList section */
	};
	rootObject = 2FC899B264DAEDA33B503429 /* Project object */;
}
